// !$*UTF8*$!
{
	archiveVersion = 1;
	classes = {
	};
	objectVersion = 46;
	objects = {

/* Begin PBXBuildFile section */
		B2513AAE1DD94B1F009EED88 /* AppDelegate.swift in Sources */ = {isa = PBXBuildFile; fileRef = B2513AAD1DD94B1F009EED88 /* AppDelegate.swift */; };
		B2513AB01DD94B1F009EED88 /* ViewController.swift in Sources */ = {isa = PBXBuildFile; fileRef = B2513AAF1DD94B1F009EED88 /* ViewController.swift */; };
		B2513AB31DD94B1F009EED88 /* Main.storyboard in Resources */ = {isa = PBXBuildFile; fileRef = B2513AB11DD94B1F009EED88 /* Main.storyboard */; };
		B2513AB61DD94B1F009EED88 /* Useless_App_Project.xcdatamodeld in Sources */ = {isa = PBXBuildFile; fileRef = B2513AB41DD94B1F009EED88 /* Useless_App_Project.xcdatamodeld */; };
		B2513AB81DD94B1F009EED88 /* Assets.xcassets in Resources */ = {isa = PBXBuildFile; fileRef = B2513AB71DD94B1F009EED88 /* Assets.xcassets */; };
		B2513ABB1DD94B1F009EED88 /* LaunchScreen.storyboard in Resources */ = {isa = PBXBuildFile; fileRef = B2513AB91DD94B1F009EED88 /* LaunchScreen.storyboard */; };
		B2513AC61DD94B20009EED88 /* Useless_App_ProjectTests.swift in Sources */ = {isa = PBXBuildFile; fileRef = B2513AC51DD94B20009EED88 /* Useless_App_ProjectTests.swift */; };
/* End PBXBuildFile section */

/* Begin PBXContainerItemProxy section */
		B2513AC21DD94B20009EED88 /* PBXContainerItemProxy */ = {
			isa = PBXContainerItemProxy;
			containerPortal = B2513AA21DD94B1F009EED88 /* Project object */;
			proxyType = 1;
			remoteGlobalIDString = B2513AA91DD94B1F009EED88;
			remoteInfo = "Useless App Project";
		};
/* End PBXContainerItemProxy section */

/* Begin PBXFileReference section */
		B2513AAA1DD94B1F009EED88 /* Useless App Project.app */ = {isa = PBXFileReference; explicitFileType = wrapper.application; includeInIndex = 0; path = "Useless App Project.app"; sourceTree = BUILT_PRODUCTS_DIR; };
		B2513AAD1DD94B1F009EED88 /* AppDelegate.swift */ = {isa = PBXFileReference; lastKnownFileType = sourcecode.swift; path = AppDelegate.swift; sourceTree = "<group>"; };
		B2513AAF1DD94B1F009EED88 /* ViewController.swift */ = {isa = PBXFileReference; lastKnownFileType = sourcecode.swift; path = ViewController.swift; sourceTree = "<group>"; };
		B2513AB21DD94B1F009EED88 /* Base */ = {isa = PBXFileReference; lastKnownFileType = file.storyboard; name = Base; path = Base.lproj/Main.storyboard; sourceTree = "<group>"; };
		B2513AB51DD94B1F009EED88 /* Useless_App_Project.xcdatamodel */ = {isa = PBXFileReference; lastKnownFileType = wrapper.xcdatamodel; path = Useless_App_Project.xcdatamodel; sourceTree = "<group>"; };
		B2513AB71DD94B1F009EED88 /* Assets.xcassets */ = {isa = PBXFileReference; lastKnownFileType = folder.assetcatalog; path = Assets.xcassets; sourceTree = "<group>"; };
		B2513ABA1DD94B1F009EED88 /* Base */ = {isa = PBXFileReference; lastKnownFileType = file.storyboard; name = Base; path = Base.lproj/LaunchScreen.storyboard; sourceTree = "<group>"; };
		B2513ABC1DD94B1F009EED88 /* Info.plist */ = {isa = PBXFileReference; lastKnownFileType = text.plist.xml; path = Info.plist; sourceTree = "<group>"; };
		B2513AC11DD94B20009EED88 /* Useless App ProjectTests.xctest */ = {isa = PBXFileReference; explicitFileType = wrapper.cfbundle; includeInIndex = 0; path = "Useless App ProjectTests.xctest"; sourceTree = BUILT_PRODUCTS_DIR; };
		B2513AC51DD94B20009EED88 /* Useless_App_ProjectTests.swift */ = {isa = PBXFileReference; lastKnownFileType = sourcecode.swift; path = Useless_App_ProjectTests.swift; sourceTree = "<group>"; };
		B2513AC71DD94B20009EED88 /* Info.plist */ = {isa = PBXFileReference; lastKnownFileType = text.plist.xml; path = Info.plist; sourceTree = "<group>"; };
/* End PBXFileReference section */

/* Begin PBXFrameworksBuildPhase section */
		B2513AA71DD94B1F009EED88 /* Frameworks */ = {
			isa = PBXFrameworksBuildPhase;
			buildActionMask = 2147483647;
			files = (
			);
			runOnlyForDeploymentPostprocessing = 0;
		};
		B2513ABE1DD94B20009EED88 /* Frameworks */ = {
			isa = PBXFrameworksBuildPhase;
			buildActionMask = 2147483647;
			files = (
			);
			runOnlyForDeploymentPostprocessing = 0;
		};
/* End PBXFrameworksBuildPhase section */

/* Begin PBXGroup section */
		B2513AA11DD94B1F009EED88 = {
			isa = PBXGroup;
			children = (
				B2513AAC1DD94B1F009EED88 /* Useless App Project */,
				B2513AC41DD94B20009EED88 /* Useless App ProjectTests */,
				B2513AAB1DD94B1F009EED88 /* Products */,
			);
			sourceTree = "<group>";
		};
		B2513AAB1DD94B1F009EED88 /* Products */ = {
			isa = PBXGroup;
			children = (
				B2513AAA1DD94B1F009EED88 /* Useless App Project.app */,
				B2513AC11DD94B20009EED88 /* Useless App ProjectTests.xctest */,
			);
			name = Products;
			sourceTree = "<group>";
		};
		B2513AAC1DD94B1F009EED88 /* Useless App Project */ = {
			isa = PBXGroup;
			children = (
				B2513AAD1DD94B1F009EED88 /* AppDelegate.swift */,
				B2513AAF1DD94B1F009EED88 /* ViewController.swift */,
				B2513AB11DD94B1F009EED88 /* Main.storyboard */,
				B2513AB71DD94B1F009EED88 /* Assets.xcassets */,
				B2513AB91DD94B1F009EED88 /* LaunchScreen.storyboard */,
				B2513ABC1DD94B1F009EED88 /* Info.plist */,
				B2513AB41DD94B1F009EED88 /* Useless_App_Project.xcdatamodeld */,
			);
			path = "Useless App Project";
			sourceTree = "<group>";
		};
		B2513AC41DD94B20009EED88 /* Useless App ProjectTests */ = {
			isa = PBXGroup;
			children = (
				B2513AC51DD94B20009EED88 /* Useless_App_ProjectTests.swift */,
				B2513AC71DD94B20009EED88 /* Info.plist */,
			);
			path = "Useless App ProjectTests";
			sourceTree = "<group>";
		};
/* End PBXGroup section */

/* Begin PBXNativeTarget section */
		B2513AA91DD94B1F009EED88 /* Useless App Project */ = {
			isa = PBXNativeTarget;
			buildConfigurationList = B2513ACA1DD94B20009EED88 /* Build configuration list for PBXNativeTarget "Useless App Project" */;
			buildPhases = (
				B2513AA61DD94B1F009EED88 /* Sources */,
				B2513AA71DD94B1F009EED88 /* Frameworks */,
				B2513AA81DD94B1F009EED88 /* Resources */,
			);
			buildRules = (
			);
			dependencies = (
			);
			name = "Useless App Project";
			productName = "Useless App Project";
			productReference = B2513AAA1DD94B1F009EED88 /* Useless App Project.app */;
			productType = "com.apple.product-type.application";
		};
		B2513AC01DD94B20009EED88 /* Useless App ProjectTests */ = {
			isa = PBXNativeTarget;
			buildConfigurationList = B2513ACD1DD94B20009EED88 /* Build configuration list for PBXNativeTarget "Useless App ProjectTests" */;
			buildPhases = (
				B2513ABD1DD94B20009EED88 /* Sources */,
				B2513ABE1DD94B20009EED88 /* Frameworks */,
				B2513ABF1DD94B20009EED88 /* Resources */,
			);
			buildRules = (
			);
			dependencies = (
				B2513AC31DD94B20009EED88 /* PBXTargetDependency */,
			);
			name = "Useless App ProjectTests";
			productName = "Useless App ProjectTests";
			productReference = B2513AC11DD94B20009EED88 /* Useless App ProjectTests.xctest */;
			productType = "com.apple.product-type.bundle.unit-test";
		};
/* End PBXNativeTarget section */

/* Begin PBXProject section */
		B2513AA21DD94B1F009EED88 /* Project object */ = {
			isa = PBXProject;
			attributes = {
				LastSwiftUpdateCheck = 0800;
				LastUpgradeCheck = 0800;
				ORGANIZATIONNAME = "Will Garner";
				TargetAttributes = {
					B2513AA91DD94B1F009EED88 = {
						CreatedOnToolsVersion = 8.0;
						DevelopmentTeam = SK2ZM3X36D;
						ProvisioningStyle = Automatic;
					};
					B2513AC01DD94B20009EED88 = {
						CreatedOnToolsVersion = 8.0;
						DevelopmentTeam = SK2ZM3X36D;
						ProvisioningStyle = Automatic;
						TestTargetID = B2513AA91DD94B1F009EED88;
					};
				};
			};
			buildConfigurationList = B2513AA51DD94B1F009EED88 /* Build configuration list for PBXProject "Useless App Project" */;
			compatibilityVersion = "Xcode 3.2";
			developmentRegion = English;
			hasScannedForEncodings = 0;
			knownRegions = (
				en,
				Base,
			);
			mainGroup = B2513AA11DD94B1F009EED88;
			productRefGroup = B2513AAB1DD94B1F009EED88 /* Products */;
			projectDirPath = "";
			projectRoot = "";
			targets = (
				B2513AA91DD94B1F009EED88 /* Useless App Project */,
				B2513AC01DD94B20009EED88 /* Useless App ProjectTests */,
			);
		};
/* End PBXProject section */

/* Begin PBXResourcesBuildPhase section */
		B2513AA81DD94B1F009EED88 /* Resources */ = {
			isa = PBXResourcesBuildPhase;
			buildActionMask = 2147483647;
			files = (
				B2513ABB1DD94B1F009EED88 /* LaunchScreen.storyboard in Resources */,
				B2513AB81DD94B1F009EED88 /* Assets.xcassets in Resources */,
				B2513AB31DD94B1F009EED88 /* Main.storyboard in Resources */,
			);
			runOnlyForDeploymentPostprocessing = 0;
		};
		B2513ABF1DD94B20009EED88 /* Resources */ = {
			isa = PBXResourcesBuildPhase;
			buildActionMask = 2147483647;
			files = (
			);
			runOnlyForDeploymentPostprocessing = 0;
		};
/* End PBXResourcesBuildPhase section */

/* Begin PBXSourcesBuildPhase section */
		B2513AA61DD94B1F009EED88 /* Sources */ = {
			isa = PBXSourcesBuildPhase;
			buildActionMask = 2147483647;
			files = (
				B2513AB61DD94B1F009EED88 /* Useless_App_Project.xcdatamodeld in Sources */,
				B2513AB01DD94B1F009EED88 /* ViewController.swift in Sources */,
				B2513AAE1DD94B1F009EED88 /* AppDelegate.swift in Sources */,
			);
			runOnlyForDeploymentPostprocessing = 0;
		};
		B2513ABD1DD94B20009EED88 /* Sources */ = {
			isa = PBXSourcesBuildPhase;
			buildActionMask = 2147483647;
			files = (
				B2513AC61DD94B20009EED88 /* Useless_App_ProjectTests.swift in Sources */,
			);
			runOnlyForDeploymentPostprocessing = 0;
		};
/* End PBXSourcesBuildPhase section */

/* Begin PBXTargetDependency section */
		B2513AC31DD94B20009EED88 /* PBXTargetDependency */ = {
			isa = PBXTargetDependency;
			target = B2513AA91DD94B1F009EED88 /* Useless App Project */;
			targetProxy = B2513AC21DD94B20009EED88 /* PBXContainerItemProxy */;
		};
/* End PBXTargetDependency section */

/* Begin PBXVariantGroup section */
		B2513AB11DD94B1F009EED88 /* Main.storyboard */ = {
			isa = PBXVariantGroup;
			children = (
				B2513AB21DD94B1F009EED88 /* Base */,
			);
			name = Main.storyboard;
			sourceTree = "<group>";
		};
		B2513AB91DD94B1F009EED88 /* LaunchScreen.storyboard */ = {
			isa = PBXVariantGroup;
			children = (
				B2513ABA1DD94B1F009EED88 /* Base */,
			);
			name = LaunchScreen.storyboard;
			sourceTree = "<group>";
		};
/* End PBXVariantGroup section */

/* Begin XCBuildConfiguration section */
		B2513AC81DD94B20009EED88 /* Debug */ = {
			isa = XCBuildConfiguration;
			buildSettings = {
				ALWAYS_SEARCH_USER_PATHS = NO;
				CLANG_ANALYZER_NONNULL = YES;
				CLANG_CXX_LANGUAGE_STANDARD = "gnu++0x";
				CLANG_CXX_LIBRARY = "libc++";
				CLANG_ENABLE_MODULES = YES;
				CLANG_ENABLE_OBJC_ARC = YES;
				CLANG_WARN_BOOL_CONVERSION = YES;
				CLANG_WARN_CONSTANT_CONVERSION = YES;
				CLANG_WARN_DIRECT_OBJC_ISA_USAGE = YES_ERROR;
				CLANG_WARN_DOCUMENTATION_COMMENTS = YES;
				CLANG_WARN_EMPTY_BODY = YES;
				CLANG_WARN_ENUM_CONVERSION = YES;
				CLANG_WARN_INFINITE_RECURSION = YES;
				CLANG_WARN_INT_CONVERSION = YES;
				CLANG_WARN_OBJC_ROOT_CLASS = YES_ERROR;
				CLANG_WARN_SUSPICIOUS_MOVES = YES;
				CLANG_WARN_UNREACHABLE_CODE = YES;
				CLANG_WARN__DUPLICATE_METHOD_MATCH = YES;
				"CODE_SIGN_IDENTITY[sdk=iphoneos*]" = "iPhone Developer";
				COPY_PHASE_STRIP = NO;
				DEBUG_INFORMATION_FORMAT = dwarf;
				ENABLE_STRICT_OBJC_MSGSEND = YES;
				ENABLE_TESTABILITY = YES;
				GCC_C_LANGUAGE_STANDARD = gnu99;
				GCC_DYNAMIC_NO_PIC = NO;
				GCC_NO_COMMON_BLOCKS = YES;
				GCC_OPTIMIZATION_LEVEL = 0;
				GCC_PREPROCESSOR_DEFINITIONS = (
					"DEBUG=1",
					"$(inherited)",
				);
				GCC_WARN_64_TO_32_BIT_CONVERSION = YES;
				GCC_WARN_ABOUT_RETURN_TYPE = YES_ERROR;
				GCC_WARN_UNDECLARED_SELECTOR = YES;
				GCC_WARN_UNINITIALIZED_AUTOS = YES_AGGRESSIVE;
				GCC_WARN_UNUSED_FUNCTION = YES;
				GCC_WARN_UNUSED_VARIABLE = YES;
				IPHONEOS_DEPLOYMENT_TARGET = 10.0;
				MTL_ENABLE_DEBUG_INFO = YES;
				ONLY_ACTIVE_ARCH = YES;
				SDKROOT = iphoneos;
				SWIFT_ACTIVE_COMPILATION_CONDITIONS = DEBUG;
				SWIFT_OPTIMIZATION_LEVEL = "-Onone";
				TARGETED_DEVICE_FAMILY = "1,2";
			};
			name = Debug;
		};
		B2513AC91DD94B20009EED88 /* Release */ = {
			isa = XCBuildConfiguration;
			buildSettings = {
				ALWAYS_SEARCH_USER_PATHS = NO;
				CLANG_ANALYZER_NONNULL = YES;
				CLANG_CXX_LANGUAGE_STANDARD = "gnu++0x";
				CLANG_CXX_LIBRARY = "libc++";
				CLANG_ENABLE_MODULES = YES;
				CLANG_ENABLE_OBJC_ARC = YES;
				CLANG_WARN_BOOL_CONVERSION = YES;
				CLANG_WARN_CONSTANT_CONVERSION = YES;
				CLANG_WARN_DIRECT_OBJC_ISA_USAGE = YES_ERROR;
				CLANG_WARN_DOCUMENTATION_COMMENTS = YES;
				CLANG_WARN_EMPTY_BODY = YES;
				CLANG_WARN_ENUM_CONVERSION = YES;
				CLANG_WARN_INFINITE_RECURSION = YES;
				CLANG_WARN_INT_CONVERSION = YES;
				CLANG_WARN_OBJC_ROOT_CLASS = YES_ERROR;
				CLANG_WARN_SUSPICIOUS_MOVES = YES;
				CLANG_WARN_UNREACHABLE_CODE = YES;
				CLANG_WARN__DUPLICATE_METHOD_MATCH = YES;
				"CODE_SIGN_IDENTITY[sdk=iphoneos*]" = "iPhone Developer";
				COPY_PHASE_STRIP = NO;
				DEBUG_INFORMATION_FORMAT = "dwarf-with-dsym";
				ENABLE_NS_ASSERTIONS = NO;
				ENABLE_STRICT_OBJC_MSGSEND = YES;
				GCC_C_LANGUAGE_STANDARD = gnu99;
				GCC_NO_COMMON_BLOCKS = YES;
				GCC_WARN_64_TO_32_BIT_CONVERSION = YES;
				GCC_WARN_ABOUT_RETURN_TYPE = YES_ERROR;
				GCC_WARN_UNDECLARED_SELECTOR = YES;
				GCC_WARN_UNINITIALIZED_AUTOS = YES_AGGRESSIVE;
				GCC_WARN_UNUSED_FUNCTION = YES;
				GCC_WARN_UNUSED_VARIABLE = YES;
				IPHONEOS_DEPLOYMENT_TARGET = 10.0;
				MTL_ENABLE_DEBUG_INFO = NO;
				SDKROOT = iphoneos;
				SWIFT_OPTIMIZATION_LEVEL = "-Owholemodule";
				TARGETED_DEVICE_FAMILY = "1,2";
				VALIDATE_PRODUCT = YES;
			};
			name = Release;
		};
		B2513ACB1DD94B20009EED88 /* Debug */ = {
			isa = XCBuildConfiguration;
			buildSettings = {
				ASSETCATALOG_COMPILER_APPICON_NAME = AppIcon;
				DEVELOPMENT_TEAM = SK2ZM3X36D;
				INFOPLIST_FILE = "Useless App Project/Info.plist";
				LD_RUNPATH_SEARCH_PATHS = "$(inherited) @executable_path/Frameworks";
				PRODUCT_BUNDLE_IDENTIFIER = "com.antigravitystudios.Useless-App-Project";
				PRODUCT_NAME = "$(TARGET_NAME)";
				SWIFT_VERSION = 3.0;
			};
			name = Debug;
		};
		B2513ACC1DD94B20009EED88 /* Release */ = {
			isa = XCBuildConfiguration;
			buildSettings = {
				ASSETCATALOG_COMPILER_APPICON_NAME = AppIcon;
				DEVELOPMENT_TEAM = SK2ZM3X36D;
				INFOPLIST_FILE = "Useless App Project/Info.plist";
				LD_RUNPATH_SEARCH_PATHS = "$(inherited) @executable_path/Frameworks";
				PRODUCT_BUNDLE_IDENTIFIER = "com.antigravitystudios.Useless-App-Project";
				PRODUCT_NAME = "$(TARGET_NAME)";
				SWIFT_VERSION = 3.0;
			};
			name = Release;
		};
		B2513ACE1DD94B20009EED88 /* Debug */ = {
			isa = XCBuildConfiguration;
			buildSettings = {
				ALWAYS_EMBED_SWIFT_STANDARD_LIBRARIES = YES;
				BUNDLE_LOADER = "$(TEST_HOST)";
				DEVELOPMENT_TEAM = SK2ZM3X36D;
				INFOPLIST_FILE = "Useless App ProjectTests/Info.plist";
				LD_RUNPATH_SEARCH_PATHS = "$(inherited) @executable_path/Frameworks @loader_path/Frameworks";
				PRODUCT_BUNDLE_IDENTIFIER = "com.antigravitystudios.Useless-App-ProjectTests";
				PRODUCT_NAME = "$(TARGET_NAME)";
				SWIFT_VERSION = 3.0;
				TEST_HOST = "$(BUILT_PRODUCTS_DIR)/Useless App Project.app/Useless App Project";
			};
			name = Debug;
		};
		B2513ACF1DD94B20009EED88 /* Release */ = {
			isa = XCBuildConfiguration;
			buildSettings = {
				ALWAYS_EMBED_SWIFT_STANDARD_LIBRARIES = YES;
				BUNDLE_LOADER = "$(TEST_HOST)";
				DEVELOPMENT_TEAM = SK2ZM3X36D;
				INFOPLIST_FILE = "Useless App ProjectTests/Info.plist";
				LD_RUNPATH_SEARCH_PATHS = "$(inherited) @executable_path/Frameworks @loader_path/Frameworks";
				PRODUCT_BUNDLE_IDENTIFIER = "com.antigravitystudios.Useless-App-ProjectTests";
				PRODUCT_NAME = "$(TARGET_NAME)";
				SWIFT_VERSION = 3.0;
				TEST_HOST = "$(BUILT_PRODUCTS_DIR)/Useless App Project.app/Useless App Project";
			};
			name = Release;
		};
/* End XCBuildConfiguration section */

/* Begin XCConfigurationList section */
		B2513AA51DD94B1F009EED88 /* Build configuration list for PBXProject "Useless App Project" */ = {
			isa = XCConfigurationList;
			buildConfigurations = (
				B2513AC81DD94B20009EED88 /* Debug */,
				B2513AC91DD94B20009EED88 /* Release */,
			);
			defaultConfigurationIsVisible = 0;
			defaultConfigurationName = Release;
		};
		B2513ACA1DD94B20009EED88 /* Build configuration list for PBXNativeTarget "Useless App Project" */ = {
			isa = XCConfigurationList;
			buildConfigurations = (
				B2513ACB1DD94B20009EED88 /* Debug */,
				B2513ACC1DD94B20009EED88 /* Release */,
			);
			defaultConfigurationIsVisible = 0;
		};
		B2513ACD1DD94B20009EED88 /* Build configuration list for PBXNativeTarget "Useless App ProjectTests" */ = {
			isa = XCConfigurationList;
			buildConfigurations = (
				B2513ACE1DD94B20009EED88 /* Debug */,
				B2513ACF1DD94B20009EED88 /* Release */,
			);
			defaultConfigurationIsVisible = 0;
		};
/* End XCConfigurationList section */

/* Begin XCVersionGroup section */
		B2513AB41DD94B1F009EED88 /* Useless_App_Project.xcdatamodeld */ = {
			isa = XCVersionGroup;
			children = (
				B2513AB51DD94B1F009EED88 /* Useless_App_Project.xcdatamodel */,
			);
			currentVersion = B2513AB51DD94B1F009EED88 /* Useless_App_Project.xcdatamodel */;
			path = Useless_App_Project.xcdatamodeld;
			sourceTree = "<group>";
			versionGroupType = wrapper.xcdatamodel;
		};
/* End XCVersionGroup section */
	};
	rootObject = B2513AA21DD94B1F009EED88 /* Project object */;
}
